// !$*UTF8*$!
{
	archiveVersion = 1;
	classes = {
	};
	objectVersion = 46;
	objects = {

/* Begin PBXBuildFile section */
		DC5333071609BD4C00C20177 /* UIKit.framework in Frameworks */ = {isa = PBXBuildFile; fileRef = DC5333061609BD4C00C20177 /* UIKit.framework */; };
		DC5333091609BD4C00C20177 /* Foundation.framework in Frameworks */ = {isa = PBXBuildFile; fileRef = DC5333081609BD4C00C20177 /* Foundation.framework */; };
		DC53330B1609BD4C00C20177 /* CoreGraphics.framework in Frameworks */ = {isa = PBXBuildFile; fileRef = DC53330A1609BD4C00C20177 /* CoreGraphics.framework */; };
		DC5333111609BD4C00C20177 /* InfoPlist.strings in Resources */ = {isa = PBXBuildFile; fileRef = DC53330F1609BD4C00C20177 /* InfoPlist.strings */; };
		DC5333131609BD4C00C20177 /* main.m in Sources */ = {isa = PBXBuildFile; fileRef = DC5333121609BD4C00C20177 /* main.m */; };
		DC5333171609BD4C00C20177 /* AppDelegate.m in Sources */ = {isa = PBXBuildFile; fileRef = DC5333161609BD4C00C20177 /* AppDelegate.m */; };
		DC5333191609BD4C00C20177 /* Default.png in Resources */ = {isa = PBXBuildFile; fileRef = DC5333181609BD4C00C20177 /* Default.png */; };
		DC53331B1609BD4C00C20177 /* Default@2x.png in Resources */ = {isa = PBXBuildFile; fileRef = DC53331A1609BD4C00C20177 /* Default@2x.png */; };
		DC53331D1609BD4C00C20177 /* Default-568h@2x.png in Resources */ = {isa = PBXBuildFile; fileRef = DC53331C1609BD4C00C20177 /* Default-568h@2x.png */; };
		DC5333201609BD4C00C20177 /* MainStoryboard.storyboard in Resources */ = {isa = PBXBuildFile; fileRef = DC53331E1609BD4C00C20177 /* MainStoryboard.storyboard */; };
		DC53332C1609BDA600C20177 /* SOPatternBGTableViewController.m in Sources */ = {isa = PBXBuildFile; fileRef = DC53332B1609BDA600C20177 /* SOPatternBGTableViewController.m */; };
		DC53332F1609BDD700C20177 /* background_tile.png in Resources */ = {isa = PBXBuildFile; fileRef = DC53332D1609BDD700C20177 /* background_tile.png */; };
		DC5333301609BDD700C20177 /* background_tile@2x.png in Resources */ = {isa = PBXBuildFile; fileRef = DC53332E1609BDD700C20177 /* background_tile@2x.png */; };
		DC5333331609BDF700C20177 /* TestViewController.m in Sources */ = {isa = PBXBuildFile; fileRef = DC5333321609BDF700C20177 /* TestViewController.m */; };
		DC5333351609BF4500C20177 /* LICENSE.txt in Resources */ = {isa = PBXBuildFile; fileRef = DC5333341609BF4500C20177 /* LICENSE.txt */; };
		DC53334A1609E12E00C20177 /* ToDo.txt in Resources */ = {isa = PBXBuildFile; fileRef = DC5333491609E12E00C20177 /* ToDo.txt */; };
/* End PBXBuildFile section */

/* Begin PBXFileReference section */
		DC5333021609BD4C00C20177 /* SOPatternBGTableViewController.app */ = {isa = PBXFileReference; explicitFileType = wrapper.application; includeInIndex = 0; path = SOPatternBGTableViewController.app; sourceTree = BUILT_PRODUCTS_DIR; };
		DC5333061609BD4C00C20177 /* UIKit.framework */ = {isa = PBXFileReference; lastKnownFileType = wrapper.framework; name = UIKit.framework; path = System/Library/Frameworks/UIKit.framework; sourceTree = SDKROOT; };
		DC5333081609BD4C00C20177 /* Foundation.framework */ = {isa = PBXFileReference; lastKnownFileType = wrapper.framework; name = Foundation.framework; path = System/Library/Frameworks/Foundation.framework; sourceTree = SDKROOT; };
		DC53330A1609BD4C00C20177 /* CoreGraphics.framework */ = {isa = PBXFileReference; lastKnownFileType = wrapper.framework; name = CoreGraphics.framework; path = System/Library/Frameworks/CoreGraphics.framework; sourceTree = SDKROOT; };
		DC53330E1609BD4C00C20177 /* SOPatternBGTableViewController-Info.plist */ = {isa = PBXFileReference; lastKnownFileType = text.plist.xml; path = "SOPatternBGTableViewController-Info.plist"; sourceTree = "<group>"; };
		DC5333101609BD4C00C20177 /* en */ = {isa = PBXFileReference; lastKnownFileType = text.plist.strings; name = en; path = en.lproj/InfoPlist.strings; sourceTree = "<group>"; };
		DC5333121609BD4C00C20177 /* main.m */ = {isa = PBXFileReference; lastKnownFileType = sourcecode.c.objc; path = main.m; sourceTree = "<group>"; };
		DC5333141609BD4C00C20177 /* SOPatternBGTableViewController-Prefix.pch */ = {isa = PBXFileReference; lastKnownFileType = sourcecode.c.h; path = "SOPatternBGTableViewController-Prefix.pch"; sourceTree = "<group>"; };
		DC5333151609BD4C00C20177 /* AppDelegate.h */ = {isa = PBXFileReference; lastKnownFileType = sourcecode.c.h; path = AppDelegate.h; sourceTree = "<group>"; };
		DC5333161609BD4C00C20177 /* AppDelegate.m */ = {isa = PBXFileReference; lastKnownFileType = sourcecode.c.objc; path = AppDelegate.m; sourceTree = "<group>"; };
		DC5333181609BD4C00C20177 /* Default.png */ = {isa = PBXFileReference; lastKnownFileType = image.png; path = Default.png; sourceTree = "<group>"; };
		DC53331A1609BD4C00C20177 /* Default@2x.png */ = {isa = PBXFileReference; lastKnownFileType = image.png; path = "Default@2x.png"; sourceTree = "<group>"; };
		DC53331C1609BD4C00C20177 /* Default-568h@2x.png */ = {isa = PBXFileReference; lastKnownFileType = image.png; path = "Default-568h@2x.png"; sourceTree = "<group>"; };
		DC53331F1609BD4C00C20177 /* en */ = {isa = PBXFileReference; lastKnownFileType = file.storyboard; name = en; path = en.lproj/MainStoryboard.storyboard; sourceTree = "<group>"; };
		DC53332A1609BDA600C20177 /* SOPatternBGTableViewController.h */ = {isa = PBXFileReference; fileEncoding = 4; lastKnownFileType = sourcecode.c.h; path = SOPatternBGTableViewController.h; sourceTree = "<group>"; };
		DC53332B1609BDA600C20177 /* SOPatternBGTableViewController.m */ = {isa = PBXFileReference; fileEncoding = 4; lastKnownFileType = sourcecode.c.objc; path = SOPatternBGTableViewController.m; sourceTree = "<group>"; };
		DC53332D1609BDD700C20177 /* background_tile.png */ = {isa = PBXFileReference; lastKnownFileType = image.png; path = background_tile.png; sourceTree = "<group>"; };
		DC53332E1609BDD700C20177 /* background_tile@2x.png */ = {isa = PBXFileReference; lastKnownFileType = image.png; path = "background_tile@2x.png"; sourceTree = "<group>"; };
		DC5333311609BDF700C20177 /* TestViewController.h */ = {isa = PBXFileReference; fileEncoding = 4; lastKnownFileType = sourcecode.c.h; path = TestViewController.h; sourceTree = "<group>"; };
		DC5333321609BDF700C20177 /* TestViewController.m */ = {isa = PBXFileReference; fileEncoding = 4; lastKnownFileType = sourcecode.c.objc; path = TestViewController.m; sourceTree = "<group>"; };
		DC5333341609BF4500C20177 /* LICENSE.txt */ = {isa = PBXFileReference; fileEncoding = 4; lastKnownFileType = text; path = LICENSE.txt; sourceTree = "<group>"; };
		DC5333491609E12E00C20177 /* ToDo.txt */ = {isa = PBXFileReference; fileEncoding = 4; lastKnownFileType = text; path = ToDo.txt; sourceTree = "<group>"; };
/* End PBXFileReference section */

/* Begin PBXFrameworksBuildPhase section */
		DC5332FF1609BD4C00C20177 /* Frameworks */ = {
			isa = PBXFrameworksBuildPhase;
			buildActionMask = 2147483647;
			files = (
				DC5333071609BD4C00C20177 /* UIKit.framework in Frameworks */,
				DC5333091609BD4C00C20177 /* Foundation.framework in Frameworks */,
				DC53330B1609BD4C00C20177 /* CoreGraphics.framework in Frameworks */,
			);
			runOnlyForDeploymentPostprocessing = 0;
		};
/* End PBXFrameworksBuildPhase section */

/* Begin PBXGroup section */
		DC5332F71609BD4C00C20177 = {
			isa = PBXGroup;
			children = (
				DC5333491609E12E00C20177 /* ToDo.txt */,
				DC53330C1609BD4C00C20177 /* SOPatternBGTableViewController */,
				DC5333051609BD4C00C20177 /* Frameworks */,
				DC5333031609BD4C00C20177 /* Products */,
			);
			sourceTree = "<group>";
		};
		DC5333031609BD4C00C20177 /* Products */ = {
			isa = PBXGroup;
			children = (
				DC5333021609BD4C00C20177 /* SOPatternBGTableViewController.app */,
			);
			name = Products;
			sourceTree = "<group>";
		};
		DC5333051609BD4C00C20177 /* Frameworks */ = {
			isa = PBXGroup;
			children = (
				DC5333061609BD4C00C20177 /* UIKit.framework */,
				DC5333081609BD4C00C20177 /* Foundation.framework */,
				DC53330A1609BD4C00C20177 /* CoreGraphics.framework */,
			);
			name = Frameworks;
			sourceTree = "<group>";
		};
		DC53330C1609BD4C00C20177 /* SOPatternBGTableViewController */ = {
			isa = PBXGroup;
			children = (
				DC5333291609BDA600C20177 /* SOPatternBGTableViewController */,
				DC5333151609BD4C00C20177 /* AppDelegate.h */,
				DC5333161609BD4C00C20177 /* AppDelegate.m */,
				DC53331E1609BD4C00C20177 /* MainStoryboard.storyboard */,
				DC5333311609BDF700C20177 /* TestViewController.h */,
				DC5333321609BDF700C20177 /* TestViewController.m */,
				DC53330D1609BD4C00C20177 /* Supporting Files */,
			);
			path = SOPatternBGTableViewController;
			sourceTree = "<group>";
		};
		DC53330D1609BD4C00C20177 /* Supporting Files */ = {
			isa = PBXGroup;
			children = (
				DC53330E1609BD4C00C20177 /* SOPatternBGTableViewController-Info.plist */,
				DC53330F1609BD4C00C20177 /* InfoPlist.strings */,
				DC5333121609BD4C00C20177 /* main.m */,
				DC5333141609BD4C00C20177 /* SOPatternBGTableViewController-Prefix.pch */,
				DC53332D1609BDD700C20177 /* background_tile.png */,
				DC53332E1609BDD700C20177 /* background_tile@2x.png */,
				DC5333181609BD4C00C20177 /* Default.png */,
				DC53331A1609BD4C00C20177 /* Default@2x.png */,
				DC53331C1609BD4C00C20177 /* Default-568h@2x.png */,
			);
			name = "Supporting Files";
			sourceTree = "<group>";
		};
		DC5333291609BDA600C20177 /* SOPatternBGTableViewController */ = {
			isa = PBXGroup;
			children = (
				DC53332A1609BDA600C20177 /* SOPatternBGTableViewController.h */,
				DC53332B1609BDA600C20177 /* SOPatternBGTableViewController.m */,
				DC5333341609BF4500C20177 /* LICENSE.txt */,
			);
			path = SOPatternBGTableViewController;
			sourceTree = "<group>";
		};
/* End PBXGroup section */

/* Begin PBXNativeTarget section */
		DC5333011609BD4C00C20177 /* SOPatternBGTableViewController */ = {
			isa = PBXNativeTarget;
			buildConfigurationList = DC5333261609BD4C00C20177 /* Build configuration list for PBXNativeTarget "SOPatternBGTableViewController" */;
			buildPhases = (
				DC5332FE1609BD4C00C20177 /* Sources */,
				DC5332FF1609BD4C00C20177 /* Frameworks */,
				DC5333001609BD4C00C20177 /* Resources */,
			);
			buildRules = (
			);
			dependencies = (
			);
			name = SOPatternBGTableViewController;
			productName = SOPatternBGTableViewController;
			productReference = DC5333021609BD4C00C20177 /* SOPatternBGTableViewController.app */;
			productType = "com.apple.product-type.application";
		};
/* End PBXNativeTarget section */

/* Begin PBXProject section */
		DC5332F91609BD4C00C20177 /* Project object */ = {
			isa = PBXProject;
			attributes = {
				LastUpgradeCheck = 0450;
				ORGANIZATIONNAME = "Stephen O'Connor";
			};
			buildConfigurationList = DC5332FC1609BD4C00C20177 /* Build configuration list for PBXProject "SOPatternBGTableViewController" */;
			compatibilityVersion = "Xcode 3.2";
			developmentRegion = English;
			hasScannedForEncodings = 0;
			knownRegions = (
				en,
			);
			mainGroup = DC5332F71609BD4C00C20177;
			productRefGroup = DC5333031609BD4C00C20177 /* Products */;
			projectDirPath = "";
			projectRoot = "";
			targets = (
				DC5333011609BD4C00C20177 /* SOPatternBGTableViewController */,
			);
		};
/* End PBXProject section */

/* Begin PBXResourcesBuildPhase section */
		DC5333001609BD4C00C20177 /* Resources */ = {
			isa = PBXResourcesBuildPhase;
			buildActionMask = 2147483647;
			files = (
				DC5333111609BD4C00C20177 /* InfoPlist.strings in Resources */,
				DC5333191609BD4C00C20177 /* Default.png in Resources */,
				DC53331B1609BD4C00C20177 /* Default@2x.png in Resources */,
				DC53331D1609BD4C00C20177 /* Default-568h@2x.png in Resources */,
				DC5333201609BD4C00C20177 /* MainStoryboard.storyboard in Resources */,
				DC53332F1609BDD700C20177 /* background_tile.png in Resources */,
				DC5333301609BDD700C20177 /* background_tile@2x.png in Resources */,
				DC5333351609BF4500C20177 /* LICENSE.txt in Resources */,
				DC53334A1609E12E00C20177 /* ToDo.txt in Resources */,
			);
			runOnlyForDeploymentPostprocessing = 0;
		};
/* End PBXResourcesBuildPhase section */

/* Begin PBXSourcesBuildPhase section */
		DC5332FE1609BD4C00C20177 /* Sources */ = {
			isa = PBXSourcesBuildPhase;
			buildActionMask = 2147483647;
			files = (
				DC5333131609BD4C00C20177 /* main.m in Sources */,
				DC5333171609BD4C00C20177 /* AppDelegate.m in Sources */,
				DC53332C1609BDA600C20177 /* SOPatternBGTableViewController.m in Sources */,
				DC5333331609BDF700C20177 /* TestViewController.m in Sources */,
			);
			runOnlyForDeploymentPostprocessing = 0;
		};
/* End PBXSourcesBuildPhase section */

/* Begin PBXVariantGroup section */
		DC53330F1609BD4C00C20177 /* InfoPlist.strings */ = {
			isa = PBXVariantGroup;
			children = (
				DC5333101609BD4C00C20177 /* en */,
			);
			name = InfoPlist.strings;
			sourceTree = "<group>";
		};
		DC53331E1609BD4C00C20177 /* MainStoryboard.storyboard */ = {
			isa = PBXVariantGroup;
			children = (
				DC53331F1609BD4C00C20177 /* en */,
			);
			name = MainStoryboard.storyboard;
			sourceTree = "<group>";
		};
/* End PBXVariantGroup section */

/* Begin XCBuildConfiguration section */
		DC5333241609BD4C00C20177 /* Debug */ = {
			isa = XCBuildConfiguration;
			buildSettings = {
				ALWAYS_SEARCH_USER_PATHS = NO;
				CLANG_CXX_LANGUAGE_STANDARD = "gnu++0x";
				CLANG_CXX_LIBRARY = "libc++";
				CLANG_ENABLE_OBJC_ARC = YES;
				CLANG_WARN_EMPTY_BODY = YES;
				CLANG_WARN__DUPLICATE_METHOD_MATCH = YES;
				"CODE_SIGN_IDENTITY[sdk=iphoneos*]" = "iPhone Developer";
				COPY_PHASE_STRIP = NO;
				GCC_C_LANGUAGE_STANDARD = gnu99;
				GCC_DYNAMIC_NO_PIC = NO;
				GCC_OPTIMIZATION_LEVEL = 0;
				GCC_PREPROCESSOR_DEFINITIONS = (
					"DEBUG=1",
					"$(inherited)",
				);
				GCC_SYMBOLS_PRIVATE_EXTERN = NO;
				GCC_WARN_ABOUT_RETURN_TYPE = YES;
				GCC_WARN_UNINITIALIZED_AUTOS = YES;
				GCC_WARN_UNUSED_VARIABLE = YES;
				IPHONEOS_DEPLOYMENT_TARGET = 6.0;
				SDKROOT = iphoneos;
			};
			name = Debug;
		};
		DC5333251609BD4C00C20177 /* Release */ = {
			isa = XCBuildConfiguration;
			buildSettings = {
				ALWAYS_SEARCH_USER_PATHS = NO;
				CLANG_CXX_LANGUAGE_STANDARD = "gnu++0x";
				CLANG_CXX_LIBRARY = "libc++";
				CLANG_ENABLE_OBJC_ARC = YES;
				CLANG_WARN_EMPTY_BODY = YES;
				CLANG_WARN__DUPLICATE_METHOD_MATCH = YES;
				"CODE_SIGN_IDENTITY[sdk=iphoneos*]" = "iPhone Developer";
				COPY_PHASE_STRIP = YES;
				GCC_C_LANGUAGE_STANDARD = gnu99;
				GCC_WARN_ABOUT_RETURN_TYPE = YES;
				GCC_WARN_UNINITIALIZED_AUTOS = YES;
				GCC_WARN_UNUSED_VARIABLE = YES;
				IPHONEOS_DEPLOYMENT_TARGET = 6.0;
				OTHER_CFLAGS = "-DNS_BLOCK_ASSERTIONS=1";
				SDKROOT = iphoneos;
				VALIDATE_PRODUCT = YES;
			};
			name = Release;
		};
		DC5333271609BD4C00C20177 /* Debug */ = {
			isa = XCBuildConfiguration;
			buildSettings = {
				GCC_PRECOMPILE_PREFIX_HEADER = YES;
				GCC_PREFIX_HEADER = "SOPatternBGTableViewController/SOPatternBGTableViewController-Prefix.pch";
				INFOPLIST_FILE = "SOPatternBGTableViewController/SOPatternBGTableViewController-Info.plist";
				PRODUCT_NAME = "$(TARGET_NAME)";
				WRAPPER_EXTENSION = app;
			};
			name = Debug;
		};
		DC5333281609BD4C00C20177 /* Release */ = {
			isa = XCBuildConfiguration;
			buildSettings = {
				GCC_PRECOMPILE_PREFIX_HEADER = YES;
				GCC_PREFIX_HEADER = "SOPatternBGTableViewController/SOPatternBGTableViewController-Prefix.pch";
				INFOPLIST_FILE = "SOPatternBGTableViewController/SOPatternBGTableViewController-Info.plist";
				PRODUCT_NAME = "$(TARGET_NAME)";
				WRAPPER_EXTENSION = app;
			};
			name = Release;
		};
/* End XCBuildConfiguration section */

/* Begin XCConfigurationList section */
		DC5332FC1609BD4C00C20177 /* Build configuration list for PBXProject "SOPatternBGTableViewController" */ = {
			isa = XCConfigurationList;
			buildConfigurations = (
				DC5333241609BD4C00C20177 /* Debug */,
				DC5333251609BD4C00C20177 /* Release */,
			);
			defaultConfigurationIsVisible = 0;
			defaultConfigurationName = Release;
		};
		DC5333261609BD4C00C20177 /* Build configuration list for PBXNativeTarget "SOPatternBGTableViewController" */ = {
			isa = XCConfigurationList;
			buildConfigurations = (
				DC5333271609BD4C00C20177 /* Debug */,
				DC5333281609BD4C00C20177 /* Release */,
			);
			defaultConfigurationIsVisible = 0;
			defaultConfigurationName = Release;
		};
/* End XCConfigurationList section */
	};
	rootObject = DC5332F91609BD4C00C20177 /* Project object */;
}
